
Microsoft Visual Studio Solution File, Format Version 12.00
# Visual Studio Version 17
VisualStudioVersion = 17.5.33414.496
MinimumVisualStudioVersion = 10.0.40219.1
Project("{FAE04EC0-301F-11D3-BF4B-00C04F79EFBC}") = "HttpPerformanceAlert", "HttpPerformanceAlert\HttpPerformanceAlert.csproj", "{F6C17DC6-DF9E-483E-B5EA-C8195824CF9D}"
EndProject
Project("{FAE04EC0-301F-11D3-BF4B-00C04F79EFBC}") = "HttpPerformanceCore", "HttpPerformanceCore\HttpPerformanceCore.csproj", "{FF064A75-11E9-486D-AFFE-53B50678BDCA}"
EndProject
Global
	GlobalSection(SolutionConfigurationPlatforms) = preSolution
		Debug|Any CPU = Debug|Any CPU
		Release|Any CPU = Release|Any CPU
	EndGlobalSection
	GlobalSection(ProjectConfigurationPlatforms) = postSolution
		{F6C17DC6-DF9E-483E-B5EA-C8195824CF9D}.Debug|Any CPU.ActiveCfg = Debug|Any CPU
		{F6C17DC6-DF9E-483E-B5EA-C8195824CF9D}.Debug|Any CPU.Build.0 = Debug|Any CPU
		{F6C17DC6-DF9E-483E-B5EA-C8195824CF9D}.Release|Any CPU.ActiveCfg = Release|Any CPU
		{F6C17DC6-DF9E-483E-B5EA-C8195824CF9D}.Release|Any CPU.Build.0 = Release|Any CPU
		{FF064A75-11E9-486D-AFFE-53B50678BDCA}.Debug|Any CPU.ActiveCfg = Debug|Any CPU
		{FF064A75-11E9-486D-AFFE-53B50678BDCA}.Debug|Any CPU.Build.0 = Debug|Any CPU
		{FF064A75-11E9-486D-AFFE-53B50678BDCA}.Release|Any CPU.ActiveCfg = Release|Any CPU
		{FF064A75-11E9-486D-AFFE-53B50678BDCA}.Release|Any CPU.Build.0 = Release|Any CPU
	EndGlobalSection
	GlobalSection(SolutionProperties) = preSolution
		HideSolutionNode = FALSE
	EndGlobalSection
	GlobalSection(ExtensibilityGlobals) = postSolution
		SolutionGuid = {1C0C5ECA-7F00-4633-BC18-834618ECE505}
	EndGlobalSection
EndGlobal
